
Microsoft Visual Studio Solution File, Format Version 12.00
# Visual Studio Version 17
VisualStudioVersion = 17.10.35027.167
MinimumVisualStudioVersion = 10.0.40219.1
Project("{FAE04EC0-301F-11D3-BF4B-00C04F79EFBC}") = "Wpf页面设计(Prism+WebAPI)", "Wpf页面设计(Prism+WebAPI)\Wpf页面设计(Prism+WebAPI).csproj", "{F2B5F730-C773-4C10-850E-A6A36541AD61}"
EndProject
Global
	GlobalSection(SolutionConfigurationPlatforms) = preSolution
		Debug|Any CPU = Debug|Any CPU
		Release|Any CPU = Release|Any CPU
	EndGlobalSection
	GlobalSection(ProjectConfigurationPlatforms) = postSolution
		{F2B5F730-C773-4C10-850E-A6A36541AD61}.Debug|Any CPU.ActiveCfg = Debug|Any CPU
		{F2B5F730-C773-4C10-850E-A6A36541AD61}.Debug|Any CPU.Build.0 = Debug|Any CPU
		{F2B5F730-C773-4C10-850E-A6A36541AD61}.Release|Any CPU.ActiveCfg = Release|Any CPU
		{F2B5F730-C773-4C10-850E-A6A36541AD61}.Release|Any CPU.Build.0 = Release|Any CPU
	EndGlobalSection
	GlobalSection(SolutionProperties) = preSolution
		HideSolutionNode = FALSE
	EndGlobalSection
	GlobalSection(ExtensibilityGlobals) = postSolution
		SolutionGuid = {DA906EF0-9527-4294-87DE-6C5CC57EB7ED}
	EndGlobalSection
EndGlobal
