
Microsoft Visual Studio Solution File, Format Version 12.00
# Visual Studio Version 17
VisualStudioVersion = 17.10.35027.167
MinimumVisualStudioVersion = 10.0.40219.1
Project("{FAE04EC0-301F-11D3-BF4B-00C04F79EFBC}") = "wpf页面设计WebAPI", "wpf页面设计WebAPI\wpf页面设计WebAPI.csproj", "{275A9708-B0F1-46EC-9F01-AE959C8A501E}"
EndProject
Global
	GlobalSection(SolutionConfigurationPlatforms) = preSolution
		Debug|Any CPU = Debug|Any CPU
		Release|Any CPU = Release|Any CPU
	EndGlobalSection
	GlobalSection(ProjectConfigurationPlatforms) = postSolution
		{275A9708-B0F1-46EC-9F01-AE959C8A501E}.Debug|Any CPU.ActiveCfg = Debug|Any CPU
		{275A9708-B0F1-46EC-9F01-AE959C8A501E}.Debug|Any CPU.Build.0 = Debug|Any CPU
		{275A9708-B0F1-46EC-9F01-AE959C8A501E}.Release|Any CPU.ActiveCfg = Release|Any CPU
		{275A9708-B0F1-46EC-9F01-AE959C8A501E}.Release|Any CPU.Build.0 = Release|Any CPU
	EndGlobalSection
	GlobalSection(SolutionProperties) = preSolution
		HideSolutionNode = FALSE
	EndGlobalSection
	GlobalSection(ExtensibilityGlobals) = postSolution
		SolutionGuid = {F5F2730B-9944-4305-8F77-B01AB9CC7A20}
	EndGlobalSection
EndGlobal
